
Microsoft Visual Studio Solution File, Format Version 12.00
# Visual Studio Version 17
VisualStudioVersion = 17.8.34309.116
MinimumVisualStudioVersion = 10.0.40219.1
Project("{9A19103F-16F7-4668-BE54-9A1E7A4F7556}") = "reader2", "reader\reader2.csproj", "{920596E4-0C40-4B22-B98E-476B167CC384}"
EndProject
Project("{FAE04EC0-301F-11D3-BF4B-00C04F79EFBC}") = "Editor", "Editor\Editor.csproj", "{F72F353F-25E1-4B13-99A1-F7C60011273A}"
EndProject
Global
	GlobalSection(SolutionConfigurationPlatforms) = preSolution
		Debug|Any CPU = Debug|Any CPU
		Release|Any CPU = Release|Any CPU
	EndGlobalSection
	GlobalSection(ProjectConfigurationPlatforms) = postSolution
		{920596E4-0C40-4B22-B98E-476B167CC384}.Debug|Any CPU.ActiveCfg = Debug|Any CPU
		{920596E4-0C40-4B22-B98E-476B167CC384}.Debug|Any CPU.Build.0 = Debug|Any CPU
		{920596E4-0C40-4B22-B98E-476B167CC384}.Release|Any CPU.ActiveCfg = Release|Any CPU
		{920596E4-0C40-4B22-B98E-476B167CC384}.Release|Any CPU.Build.0 = Release|Any CPU
		{F72F353F-25E1-4B13-99A1-F7C60011273A}.Debug|Any CPU.ActiveCfg = Debug|Any CPU
		{F72F353F-25E1-4B13-99A1-F7C60011273A}.Debug|Any CPU.Build.0 = Debug|Any CPU
		{F72F353F-25E1-4B13-99A1-F7C60011273A}.Release|Any CPU.ActiveCfg = Release|Any CPU
		{F72F353F-25E1-4B13-99A1-F7C60011273A}.Release|Any CPU.Build.0 = Release|Any CPU
	EndGlobalSection
	GlobalSection(SolutionProperties) = preSolution
		HideSolutionNode = FALSE
	EndGlobalSection
	GlobalSection(ExtensibilityGlobals) = postSolution
		SolutionGuid = {253C8534-D3D4-4D26-9870-06EB947E92E9}
	EndGlobalSection
EndGlobal
