
Microsoft Visual Studio Solution File, Format Version 12.00
# Visual Studio Version 17
VisualStudioVersion = 17.8.34322.80
MinimumVisualStudioVersion = 10.0.40219.1
Project("{FAE04EC0-301F-11D3-BF4B-00C04F79EFBC}") = "reader", "reader.csproj", "{F136D581-8DD5-40B7-96DC-1A7605606823}"
EndProject
Global
	GlobalSection(SolutionConfigurationPlatforms) = preSolution
		Debug|Any CPU = Debug|Any CPU
		Release|Any CPU = Release|Any CPU
	EndGlobalSection
	GlobalSection(ProjectConfigurationPlatforms) = postSolution
		{F136D581-8DD5-40B7-96DC-1A7605606823}.Debug|Any CPU.ActiveCfg = Debug|Any CPU
		{F136D581-8DD5-40B7-96DC-1A7605606823}.Debug|Any CPU.Build.0 = Debug|Any CPU
		{F136D581-8DD5-40B7-96DC-1A7605606823}.Release|Any CPU.ActiveCfg = Release|Any CPU
		{F136D581-8DD5-40B7-96DC-1A7605606823}.Release|Any CPU.Build.0 = Release|Any CPU
	EndGlobalSection
	GlobalSection(SolutionProperties) = preSolution
		HideSolutionNode = FALSE
	EndGlobalSection
	GlobalSection(ExtensibilityGlobals) = postSolution
		SolutionGuid = {D78ABD93-35F4-4F65-8361-3D8EB19FE269}
	EndGlobalSection
EndGlobal
